lockfileVersion: '6.0'

settings:
  autoInstallPeers: true
  excludeLinksFromLockfile: false

dependencies:
  '@prisma/client':
    specifier: 5.1.1
    version: 5.1.1(prisma@5.1.1)
  '@types/lodash':
    specifier: ^4.14.197
    version: 4.14.197
  '@types/node':
    specifier: ^20.5.0
    version: 20.5.0
  '@types/node-cron':
    specifier: ^3.0.8
    version: 3.0.8
  '@types/pg':
    specifier: ^8.10.2
    version: 8.10.2
  app-root-path:
    specifier: ^3.1.0
    version: 3.1.0
  asynciterator:
    specifier: ^3.8.1
    version: 3.8.1
  cheerio:
    specifier: 1.0.0-rc.12
    version: 1.0.0-rc.12
  console-table-printer:
    specifier: ^2.11.2
    version: 2.11.2
  dotenv:
    specifier: ^16.3.1
    version: 16.3.1
  got:
    specifier: ^13.0.0
    version: 13.0.0
  https:
    specifier: ^1.0.0
    version: 1.0.0
  lodash:
    specifier: ^4.17.21
    version: 4.17.21
  node-cron:
    specifier: ^3.0.2
    version: 3.0.2
  node-html-parser:
    specifier: ^6.1.5
    version: 6.1.5
  pg:
    specifier: ^8.11.2
    version: 8.11.2
  pg-hstore:
    specifier: ^2.3.4
    version: 2.3.4
  prisma:
    specifier: ^5.1.1
    version: 5.1.1
  sequelize:
    specifier: ^6.32.1
    version: 6.32.1(pg-hstore@2.3.4)(pg@8.11.2)
  sequelize-auto:
    specifier: ^0.8.8
    version: 0.8.8(sequelize@6.32.1)
  ts-node:
    specifier: ^10.9.1
    version: 10.9.1(@types/node@20.5.0)(typescript@5.2.2)
  url:
    specifier: ^0.11.1
    version: 0.11.1
  winston:
    specifier: ^3.10.0
    version: 3.10.0
  winston-daily-rotate-file:
    specifier: ^4.7.1
    version: 4.7.1(winston@3.10.0)

packages:

  /@colors/colors@1.5.0:
    resolution: {integrity: sha512-ooWCrlZP11i8GImSjTHYHLkvFDP48nS4+204nGb1RiX/WXYHmJA2III9/e2DWVabCESdW7hBAEzHRqUn9OUVvQ==}
    engines: {node: '>=0.1.90'}
    dev: false

  /@cspotcode/source-map-support@0.8.1:
    resolution: {integrity: sha512-IchNf6dN4tHoMFIn/7OE8LWZ19Y6q/67Bmf6vnGREv8RSbBVb9LPJxEcnwrcwX6ixSvaiGoomAUvu4YSxXrVgw==}
    engines: {node: '>=12'}
    dependencies:
      '@jridgewell/trace-mapping': 0.3.9
    dev: false

  /@dabh/diagnostics@2.0.3:
    resolution: {integrity: sha512-hrlQOIi7hAfzsMqlGSFyVucrx38O+j6wiGOf//H2ecvIEqYN4ADBSS2iLMh5UFyDunCNniUIPk/q3riFv45xRA==}
    dependencies:
      colorspace: 1.1.4
      enabled: 2.0.0
      kuler: 2.0.0
    dev: false

  /@jridgewell/resolve-uri@3.1.1:
    resolution: {integrity: sha512-dSYZh7HhCDtCKm4QakX0xFpsRDqjjtZf/kjI/v3T3Nwt5r8/qz/M19F9ySyOqU94SXBmeG9ttTul+YnR4LOxFA==}
    engines: {node: '>=6.0.0'}
    dev: false

  /@jridgewell/sourcemap-codec@1.4.15:
    resolution: {integrity: sha512-eF2rxCRulEKXHTRiDrDy6erMYWqNw4LPdQ8UQA4huuxaQsVeRPFl2oM8oDGxMFhJUWZf9McpLtJasDDZb/Bpeg==}
    dev: false

  /@jridgewell/trace-mapping@0.3.9:
    resolution: {integrity: sha512-3Belt6tdc8bPgAtbcmdtNJlirVoTmEb5e2gC94PnkwEW9jI6CAHUeoG85tjWP5WquqfavoMtMwiG4P926ZKKuQ==}
    dependencies:
      '@jridgewell/resolve-uri': 3.1.1
      '@jridgewell/sourcemap-codec': 1.4.15
    dev: false

  /@prisma/client@5.1.1(prisma@5.1.1):
    resolution: {integrity: sha512-fxcCeK5pMQGcgCqCrWsi+I2rpIbk0rAhdrN+ke7f34tIrgPwA68ensrpin+9+fZvuV2OtzHmuipwduSY6HswdA==}
    engines: {node: '>=16.13'}
    requiresBuild: true
    peerDependencies:
      prisma: '*'
    peerDependenciesMeta:
      prisma:
        optional: true
    dependencies:
      '@prisma/engines-version': 5.1.1-1.6a3747c37ff169c90047725a05a6ef02e32ac97e
      prisma: 5.1.1
    dev: false

  /@prisma/engines-version@5.1.1-1.6a3747c37ff169c90047725a05a6ef02e32ac97e:
    resolution: {integrity: sha512-owZqbY/wucbr65bXJ/ljrHPgQU5xXTSkmcE/JcbqE1kusuAXV/TLN3/exmz21SZ5rJ7WDkyk70J2G/n68iogbQ==}
    dev: false

  /@prisma/engines@5.1.1:
    resolution: {integrity: sha512-NV/4nVNWFZSJCCIA3HIFJbbDKO/NARc9ej0tX5S9k2EVbkrFJC4Xt9b0u4rNZWL4V+F5LAjvta8vzEUw0rw+HA==}
    requiresBuild: true
    dev: false

  /@sindresorhus/is@5.6.0:
    resolution: {integrity: sha512-TV7t8GKYaJWsn00tFDqBw8+Uqmr8A0fRU1tvTQhyZzGv0sJCGRQL3JGMI3ucuKo3XIZdUP+Lx7/gh2t3lewy7g==}
    engines: {node: '>=14.16'}
    dev: false

  /@szmarczak/http-timer@5.0.1:
    resolution: {integrity: sha512-+PmQX0PiAYPMeVYe237LJAYvOMYW1j2rH5YROyS3b4CTVJum34HfRvKvAzozHAQG0TnHNdUfY9nCeUyRAs//cw==}
    engines: {node: '>=14.16'}
    dependencies:
      defer-to-connect: 2.0.1
    dev: false

  /@tsconfig/node10@1.0.9:
    resolution: {integrity: sha512-jNsYVVxU8v5g43Erja32laIDHXeoNvFEpX33OK4d6hljo3jDhCBDhx5dhCCTMWUojscpAagGiRkBKxpdl9fxqA==}
    dev: false

  /@tsconfig/node12@1.0.11:
    resolution: {integrity: sha512-cqefuRsh12pWyGsIoBKJA9luFu3mRxCA+ORZvA4ktLSzIuCUtWVxGIuXigEwO5/ywWFMZ2QEGKWvkZG1zDMTag==}
    dev: false

  /@tsconfig/node14@1.0.3:
    resolution: {integrity: sha512-ysT8mhdixWK6Hw3i1V2AeRqZ5WfXg1G43mqoYlM2nc6388Fq5jcXyr5mRsqViLx/GJYdoL0bfXD8nmF+Zn/Iow==}
    dev: false

  /@tsconfig/node16@1.0.4:
    resolution: {integrity: sha512-vxhUy4J8lyeyinH7Azl1pdd43GJhZH/tP2weN8TntQblOY+A0XbT8DJk1/oCPuOOyg/Ja757rG0CgHcWC8OfMA==}
    dev: false

  /@types/debug@4.1.8:
    resolution: {integrity: sha512-/vPO1EPOs306Cvhwv7KfVfYvOJqA/S/AXjaHQiJboCZzcNDb+TIJFN9/2C9DZ//ijSKWioNyUxD792QmDJ+HKQ==}
    dependencies:
      '@types/ms': 0.7.31
    dev: false

  /@types/http-cache-semantics@4.0.1:
    resolution: {integrity: sha512-SZs7ekbP8CN0txVG2xVRH6EgKmEm31BOxA07vkFaETzZz1xh+cbt8BcI0slpymvwhx5dlFnQG2rTlPVQn+iRPQ==}
    dev: false

  /@types/lodash@4.14.197:
    resolution: {integrity: sha512-BMVOiWs0uNxHVlHBgzTIqJYmj+PgCo4euloGF+5m4okL3rEYzM2EEv78mw8zWSMM57dM7kVIgJ2QDvwHSoCI5g==}
    dev: false

  /@types/ms@0.7.31:
    resolution: {integrity: sha512-iiUgKzV9AuaEkZqkOLDIvlQiL6ltuZd9tGcW3gwpnX8JbuiuhFlEGmmFXEXkN50Cvq7Os88IY2v0dkDqXYWVgA==}
    dev: false

  /@types/node-cron@3.0.8:
    resolution: {integrity: sha512-+z5VrCvLwiJUohbRSgHdyZnHzAaLuD/E2bBANw+NQ1l05Crj8dIxb/kKK+OEqRitV2Wr/LYLuEBenGDsHZVV5Q==}
    dev: false

  /@types/node@20.5.0:
    resolution: {integrity: sha512-Mgq7eCtoTjT89FqNoTzzXg2XvCi5VMhRV6+I2aYanc6kQCBImeNaAYRs/DyoVqk1YEUJK5gN9VO7HRIdz4Wo3Q==}
    dev: false

  /@types/pg@8.10.2:
    resolution: {integrity: sha512-MKFs9P6nJ+LAeHLU3V0cODEOgyThJ3OAnmOlsZsxux6sfQs3HRXR5bBn7xG5DjckEFhTAxsXi7k7cd0pCMxpJw==}
    dependencies:
      '@types/node': 20.5.0
      pg-protocol: 1.6.0
      pg-types: 4.0.1
    dev: false

  /@types/triple-beam@1.3.2:
    resolution: {integrity: sha512-txGIh+0eDFzKGC25zORnswy+br1Ha7hj5cMVwKIU7+s0U2AxxJru/jZSMU6OC9MJWP6+pc/hc6ZjyZShpsyY2g==}
    dev: false

  /@types/validator@13.11.1:
    resolution: {integrity: sha512-d/MUkJYdOeKycmm75Arql4M5+UuXmf4cHdHKsyw1GcvnNgL6s77UkgSgJ8TE/rI5PYsnwYq5jkcWBLuN/MpQ1A==}
    dev: false

  /acorn-walk@8.2.0:
    resolution: {integrity: sha512-k+iyHEuPgSw6SbuDpGQM+06HQUa04DZ3o+F6CSzXMvvI5KMvnaEqXe+YVe555R9nn6GPt404fos4wcgpw12SDA==}
    engines: {node: '>=0.4.0'}
    dev: false

  /acorn@8.10.0:
    resolution: {integrity: sha512-F0SAmZ8iUtS//m8DmCTA0jlh6TDKkHQyK6xc6V4KDTyZKA9dnvX9/3sRTVQrWm79glUAZbnmmNcdYwUIHWVybw==}
    engines: {node: '>=0.4.0'}
    hasBin: true
    dev: false

  /ansi-regex@5.0.1:
    resolution: {integrity: sha512-quJQXlTSUGL2LH9SUXo8VwsY4soanhgo6LNSm84E1LBcE8s3O0wpdiRzyR9z/ZZJMlMWv37qOOb9pdJlMUEKFQ==}
    engines: {node: '>=8'}
    dev: false

  /ansi-styles@4.3.0:
    resolution: {integrity: sha512-zbB9rCJAT1rbjiVDb2hqKFHNYLxgtk8NURxZ3IZwD3F6NtxbXZQCnnSi1Lkx+IDohdPlFp222wVALIheZJQSEg==}
    engines: {node: '>=8'}
    dependencies:
      color-convert: 2.0.1
    dev: false

  /app-root-path@3.1.0:
    resolution: {integrity: sha512-biN3PwB2gUtjaYy/isrU3aNWI5w+fAfvHkSvCKeQGxhmYpwKFUxudR3Yya+KqVRHBmEDYh+/lTozYCFbmzX4nA==}
    engines: {node: '>= 6.0.0'}
    dev: false

  /arg@4.1.3:
    resolution: {integrity: sha512-58S9QDqG0Xx27YwPSt9fJxivjYl432YCwfDMfZ+71RAqUrZef7LrKQZ3LHLOwCS4FLNBplP533Zx895SeOCHvA==}
    dev: false

  /async@3.2.4:
    resolution: {integrity: sha512-iAB+JbDEGXhyIUavoDl9WP/Jj106Kz9DEn1DPgYw5ruDn0e3Wgi3sKFm55sASdGBNOQB8F59d9qQ7deqrHA8wQ==}
    dev: false

  /asynciterator@3.8.1:
    resolution: {integrity: sha512-SmdG0FUY3pYGOZZGdYq8Qb/DCRDXBFZUk08V1/4lbBXdAQvcC3Kxzz9FUDPBTik7VAVltt4cZirAPtJv3gOpEw==}
    dev: false

  /boolbase@1.0.0:
    resolution: {integrity: sha512-JZOSA7Mo9sNGB8+UjSgzdLtokWAky1zbztM3WRLCbZ70/3cTANmQmOdR7y2g+J0e2WXywy1yS468tY+IruqEww==}
    dev: false

  /buffer-writer@2.0.0:
    resolution: {integrity: sha512-a7ZpuTZU1TRtnwyCNW3I5dc0wWNC3VR9S++Ewyk2HHZdrO3CQJqSpd+95Us590V6AL7JqUAH2IwZ/398PmNFgw==}
    engines: {node: '>=4'}
    dev: false

  /cacheable-lookup@7.0.0:
    resolution: {integrity: sha512-+qJyx4xiKra8mZrcwhjMRMUhD5NR1R8esPkzIYxX96JiecFoxAXFuz/GpR3+ev4PE1WamHip78wV0vcmPQtp8w==}
    engines: {node: '>=14.16'}
    dev: false

  /cacheable-request@10.2.13:
    resolution: {integrity: sha512-3SD4rrMu1msNGEtNSt8Od6enwdo//U9s4ykmXfA2TD58kcLkCobtCDiby7kNyj7a/Q7lz/mAesAFI54rTdnvBA==}
    engines: {node: '>=14.16'}
    dependencies:
      '@types/http-cache-semantics': 4.0.1
      get-stream: 6.0.1
      http-cache-semantics: 4.1.1
      keyv: 4.5.3
      mimic-response: 4.0.0
      normalize-url: 8.0.0
      responselike: 3.0.0
    dev: false

  /call-bind@1.0.2:
    resolution: {integrity: sha512-7O+FbCihrB5WGbFYesctwmTKae6rOiIzmz1icreWJ+0aA7LJfuqhEso2T9ncpcFtzMQtzXf2QGGueWJGTYsqrA==}
    dependencies:
      function-bind: 1.1.1
      get-intrinsic: 1.2.1
    dev: false

  /cheerio-select@2.1.0:
    resolution: {integrity: sha512-9v9kG0LvzrlcungtnJtpGNxY+fzECQKhK4EGJX2vByejiMX84MFNQw4UxPJl3bFbTMw+Dfs37XaIkCwTZfLh4g==}
    dependencies:
      boolbase: 1.0.0
      css-select: 5.1.0
      css-what: 6.1.0
      domelementtype: 2.3.0
      domhandler: 5.0.3
      domutils: 3.1.0
    dev: false

  /cheerio@1.0.0-rc.12:
    resolution: {integrity: sha512-VqR8m68vM46BNnuZ5NtnGBKIE/DfN0cRIzg9n40EIq9NOv90ayxLBXA8fXC5gquFRGJSTRqBq25Jt2ECLR431Q==}
    engines: {node: '>= 6'}
    dependencies:
      cheerio-select: 2.1.0
      dom-serializer: 2.0.0
      domhandler: 5.0.3
      domutils: 3.1.0
      htmlparser2: 8.0.2
      parse5: 7.1.2
      parse5-htmlparser2-tree-adapter: 7.0.0
    dev: false

  /cliui@7.0.4:
    resolution: {integrity: sha512-OcRE68cOsVMXp1Yvonl/fzkQOyjLSu/8bhPDfQt0e0/Eb283TKP20Fs2MqoPsr9SwA595rRCA+QMzYc9nBP+JQ==}
    dependencies:
      string-width: 4.2.3
      strip-ansi: 6.0.1
      wrap-ansi: 7.0.0
    dev: false

  /color-convert@1.9.3:
    resolution: {integrity: sha512-QfAUtd+vFdAtFQcC8CCyYt1fYWxSqAiK2cSD6zDB8N3cpsEBAvRxp9zOGg6G/SHHJYAT88/az/IuDGALsNVbGg==}
    dependencies:
      color-name: 1.1.3
    dev: false

  /color-convert@2.0.1:
    resolution: {integrity: sha512-RRECPsj7iu/xb5oKYcsFHSppFNnsj/52OVTRKb4zP5onXwVF3zVmmToNcOfGC+CRDpfK/U584fMg38ZHCaElKQ==}
    engines: {node: '>=7.0.0'}
    dependencies:
      color-name: 1.1.4
    dev: false

  /color-name@1.1.3:
    resolution: {integrity: sha512-72fSenhMw2HZMTVHeCA9KCmpEIbzWiQsjN+BHcBbS9vr1mtt+vJjPdksIBNUmKAW8TFUDPJK5SUU3QhE9NEXDw==}
    dev: false

  /color-name@1.1.4:
    resolution: {integrity: sha512-dOy+3AuW3a2wNbZHIuMZpTcgjGuLU/uBL/ubcZF9OXbDo8ff4O8yVp5Bf0efS8uEoYo5q4Fx7dY9OgQGXgAsQA==}
    dev: false

  /color-string@1.9.1:
    resolution: {integrity: sha512-shrVawQFojnZv6xM40anx4CkoDP+fZsw/ZerEMsW/pyzsRbElpsL/DBVW7q3ExxwusdNXI3lXpuhEZkzs8p5Eg==}
    dependencies:
      color-name: 1.1.4
      simple-swizzle: 0.2.2
    dev: false

  /color@3.2.1:
    resolution: {integrity: sha512-aBl7dZI9ENN6fUGC7mWpMTPNHmWUSNan9tuWN6ahh5ZLNk9baLJOnSMlrQkHcrfFgz2/RigjUVAjdx36VcemKA==}
    dependencies:
      color-convert: 1.9.3
      color-string: 1.9.1
    dev: false

  /colorspace@1.1.4:
    resolution: {integrity: sha512-BgvKJiuVu1igBUF2kEjRCZXol6wiiGbY5ipL/oVPwm0BL9sIpMIzM8IK7vwuxIIzOXMV3Ey5w+vxhm0rR/TN8w==}
    dependencies:
      color: 3.2.1
      text-hex: 1.0.0
    dev: false

  /console-table-printer@2.11.2:
    resolution: {integrity: sha512-uuUHie0sfPP542TKGzPFal0W1wo1beuKAqIZdaavcONx8OoqdnJRKjkinbRTOta4FaCa1RcIL+7mMJWX3pQGVg==}
    dependencies:
      simple-wcswidth: 1.0.1
    dev: false

  /create-require@1.1.1:
    resolution: {integrity: sha512-dcKFX3jn0MpIaXjisoRvexIJVEKzaq7z2rZKxf+MSr9TkdmHmsU4m2lcLojrj/FHl8mk5VxMmYA+ftRkP/3oKQ==}
    dev: false

  /css-select@5.1.0:
    resolution: {integrity: sha512-nwoRF1rvRRnnCqqY7updORDsuqKzqYJ28+oSMaJMMgOauh3fvwHqMS7EZpIPqK8GL+g9mKxF1vP/ZjSeNjEVHg==}
    dependencies:
      boolbase: 1.0.0
      css-what: 6.1.0
      domhandler: 5.0.3
      domutils: 3.1.0
      nth-check: 2.1.1
    dev: false

  /css-what@6.1.0:
    resolution: {integrity: sha512-HTUrgRJ7r4dsZKU6GjmpfRK1O76h97Z8MfS1G0FozR+oF2kG6Vfe8JE6zwrkbxigziPHinCJ+gCPjA9EaBDtRw==}
    engines: {node: '>= 6'}
    dev: false

  /debug@4.3.4:
    resolution: {integrity: sha512-PRWFHuSU3eDtQJPvnNY7Jcket1j0t5OuOsFzPPzsekD52Zl8qUfFIPEiswXqIvHWGVHOgX+7G/vCNNhehwxfkQ==}
    engines: {node: '>=6.0'}
    peerDependencies:
      supports-color: '*'
    peerDependenciesMeta:
      supports-color:
        optional: true
    dependencies:
      ms: 2.1.2
    dev: false

  /decompress-response@6.0.0:
    resolution: {integrity: sha512-aW35yZM6Bb/4oJlZncMH2LCoZtJXTRxES17vE3hoRiowU2kWHaJKFkSBDnDR+cm9J+9QhXmREyIfv0pji9ejCQ==}
    engines: {node: '>=10'}
    dependencies:
      mimic-response: 3.1.0
    dev: false

  /defer-to-connect@2.0.1:
    resolution: {integrity: sha512-4tvttepXG1VaYGrRibk5EwJd1t4udunSOVMdLSAL6mId1ix438oPwPZMALY41FCijukO1L0twNcGsdzS7dHgDg==}
    engines: {node: '>=10'}
    dev: false

  /diff@4.0.2:
    resolution: {integrity: sha512-58lmxKSA4BNyLz+HHMUzlOEpg09FV+ev6ZMe3vJihgdxzgcwZ8VoEEPmALCZG9LmqfVoNMMKpttIYTVG6uDY7A==}
    engines: {node: '>=0.3.1'}
    dev: false

  /dom-serializer@2.0.0:
    resolution: {integrity: sha512-wIkAryiqt/nV5EQKqQpo3SToSOV9J0DnbJqwK7Wv/Trc92zIAYZ4FlMu+JPFW1DfGFt81ZTCGgDEabffXeLyJg==}
    dependencies:
      domelementtype: 2.3.0
      domhandler: 5.0.3
      entities: 4.5.0
    dev: false

  /domelementtype@2.3.0:
    resolution: {integrity: sha512-OLETBj6w0OsagBwdXnPdN0cnMfF9opN69co+7ZrbfPGrdpPVNBUj02spi6B1N7wChLQiPn4CSH/zJvXw56gmHw==}
    dev: false

  /domhandler@5.0.3:
    resolution: {integrity: sha512-cgwlv/1iFQiFnU96XXgROh8xTeetsnJiDsTc7TYCLFd9+/WNkIqPTxiM/8pSd8VIrhXGTf1Ny1q1hquVqDJB5w==}
    engines: {node: '>= 4'}
    dependencies:
      domelementtype: 2.3.0
    dev: false

  /domutils@3.1.0:
    resolution: {integrity: sha512-H78uMmQtI2AhgDJjWeQmHwJJ2bLPD3GMmO7Zja/ZZh84wkm+4ut+IUnUdRa8uCGX88DiVx1j6FRe1XfxEgjEZA==}
    dependencies:
      dom-serializer: 2.0.0
      domelementtype: 2.3.0
      domhandler: 5.0.3
    dev: false

  /dotenv@16.3.1:
    resolution: {integrity: sha512-IPzF4w4/Rd94bA9imS68tZBaYyBWSCE47V1RGuMrB94iyTOIEwRmVL2x/4An+6mETpLrKJ5hQkB8W4kFAadeIQ==}
    engines: {node: '>=12'}
    dev: false

  /dottie@2.0.6:
    resolution: {integrity: sha512-iGCHkfUc5kFekGiqhe8B/mdaurD+lakO9txNnTvKtA6PISrw86LgqHvRzWYPyoE2Ph5aMIrCw9/uko6XHTKCwA==}
    dev: false

  /emoji-regex@8.0.0:
    resolution: {integrity: sha512-MSjYzcWNOA0ewAHpz0MxpYFvwg6yjy1NG3xteoqz644VCo/RPgnr1/GGt+ic3iJTzQ8Eu3TdM14SawnVUmGE6A==}
    dev: false

  /enabled@2.0.0:
    resolution: {integrity: sha512-AKrN98kuwOzMIdAizXGI86UFBoo26CL21UM763y1h/GMSJ4/OHU9k2YlsmBpyScFo/wbLzWQJBMCW4+IO3/+OQ==}
    dev: false

  /entities@4.5.0:
    resolution: {integrity: sha512-V0hjH4dGPh9Ao5p0MoRY6BVqtwCjhz6vI5LT8AJ55H+4g9/4vbHx1I54fS0XuclLhDHArPQCiMjDxjaL8fPxhw==}
    engines: {node: '>=0.12'}
    dev: false

  /escalade@3.1.1:
    resolution: {integrity: sha512-k0er2gUkLf8O0zKJiAhmkTnJlTvINGv7ygDNPbeIsX/TJjGJZHuh9B2UxbsaEkmlEo9MfhrSzmhIlhRlI2GXnw==}
    engines: {node: '>=6'}
    dev: false

  /fecha@4.2.3:
    resolution: {integrity: sha512-OP2IUU6HeYKJi3i0z4A19kHMQoLVs4Hc+DPqqxI2h/DPZHTm/vjsfC6P0b4jCMy14XizLBqvndQ+UilD7707Jw==}
    dev: false

  /file-stream-rotator@0.6.1:
    resolution: {integrity: sha512-u+dBid4PvZw17PmDeRcNOtCP9CCK/9lRN2w+r1xIS7yOL9JFrIBKTvrYsxT4P0pGtThYTn++QS5ChHaUov3+zQ==}
    dependencies:
      moment: 2.29.4
    dev: false

  /fn.name@1.1.0:
    resolution: {integrity: sha512-GRnmB5gPyJpAhTQdSZTSp9uaPSvl09KoYcMQtsB9rQoOmzs9dH6ffeccH+Z+cv6P68Hu5bC6JjRh4Ah/mHSNRw==}
    dev: false

  /form-data-encoder@2.1.4:
    resolution: {integrity: sha512-yDYSgNMraqvnxiEXO4hi88+YZxaHC6QKzb5N84iRCTDeRO7ZALpir/lVmf/uXUhnwUr2O4HU8s/n6x+yNjQkHw==}
    engines: {node: '>= 14.17'}
    dev: false

  /function-bind@1.1.1:
    resolution: {integrity: sha512-yIovAzMX49sF8Yl58fSCWJ5svSLuaibPxXQJFLmBObTuCr0Mf1KiPopGM9NiFjiYBCbfaa2Fh6breQ6ANVTI0A==}
    dev: false

  /get-caller-file@2.0.5:
    resolution: {integrity: sha512-DyFP3BM/3YHTQOCUL/w0OZHR0lpKeGrxotcHWcqNEdnltqFwXVfhEBQ94eIo34AfQpo0rGki4cyIiftY06h2Fg==}
    engines: {node: 6.* || 8.* || >= 10.*}
    dev: false

  /get-intrinsic@1.2.1:
    resolution: {integrity: sha512-2DcsyfABl+gVHEfCOaTrWgyt+tb6MSEGmKq+kI5HwLbIYgjgmMcV8KQ41uaKz1xxUcn9tJtgFbQUEVcEbd0FYw==}
    dependencies:
      function-bind: 1.1.1
      has: 1.0.3
      has-proto: 1.0.1
      has-symbols: 1.0.3
    dev: false

  /get-stream@6.0.1:
    resolution: {integrity: sha512-ts6Wi+2j3jQjqi70w5AlN8DFnkSwC+MqmxEzdEALB2qXZYV3X/b1CTfgPLGJNMeAWxdPfU8FO1ms3NUfaHCPYg==}
    engines: {node: '>=10'}
    dev: false

  /got@13.0.0:
    resolution: {integrity: sha512-XfBk1CxOOScDcMr9O1yKkNaQyy865NbYs+F7dr4H0LZMVgCj2Le59k6PqbNHoL5ToeaEQUYh6c6yMfVcc6SJxA==}
    engines: {node: '>=16'}
    dependencies:
      '@sindresorhus/is': 5.6.0
      '@szmarczak/http-timer': 5.0.1
      cacheable-lookup: 7.0.0
      cacheable-request: 10.2.13
      decompress-response: 6.0.0
      form-data-encoder: 2.1.4
      get-stream: 6.0.1
      http2-wrapper: 2.2.0
      lowercase-keys: 3.0.0
      p-cancelable: 3.0.0
      responselike: 3.0.0
    dev: false

  /has-proto@1.0.1:
    resolution: {integrity: sha512-7qE+iP+O+bgF9clE5+UoBFzE65mlBiVj3tKCrlNQ0Ogwm0BjpT/gK4SlLYDMybDh5I3TCTKnPPa0oMG7JDYrhg==}
    engines: {node: '>= 0.4'}
    dev: false

  /has-symbols@1.0.3:
    resolution: {integrity: sha512-l3LCuF6MgDNwTDKkdYGEihYjt5pRPbEg46rtlmnSPlUbgmB8LOIrKJbYYFBSbnPaJexMKtiPO8hmeRjRz2Td+A==}
    engines: {node: '>= 0.4'}
    dev: false

  /has@1.0.3:
    resolution: {integrity: sha512-f2dvO0VU6Oej7RkWJGrehjbzMAjFp5/VKPp5tTpWIV4JHHZK1/BxbFRtf/siA2SWTe09caDmVtYYzWEIbBS4zw==}
    engines: {node: '>= 0.4.0'}
    dependencies:
      function-bind: 1.1.1
    dev: false

  /he@1.2.0:
    resolution: {integrity: sha512-F/1DnUGPopORZi0ni+CvrCgHQ5FyEAHRLSApuYWMmrbSwoN2Mn/7k+Gl38gJnR7yyDZk6WLXwiGod1JOWNDKGw==}
    hasBin: true
    dev: false

  /htmlparser2@8.0.2:
    resolution: {integrity: sha512-GYdjWKDkbRLkZ5geuHs5NY1puJ+PXwP7+fHPRz06Eirsb9ugf6d8kkXav6ADhcODhFFPMIXyxkxSuMf3D6NCFA==}
    dependencies:
      domelementtype: 2.3.0
      domhandler: 5.0.3
      domutils: 3.1.0
      entities: 4.5.0
    dev: false

  /http-cache-semantics@4.1.1:
    resolution: {integrity: sha512-er295DKPVsV82j5kw1Gjt+ADA/XYHsajl82cGNQG2eyoPkvgUhX+nDIyelzhIWbbsXP39EHcI6l5tYs2FYqYXQ==}
    dev: false

  /http2-wrapper@2.2.0:
    resolution: {integrity: sha512-kZB0wxMo0sh1PehyjJUWRFEd99KC5TLjZ2cULC4f9iqJBAmKQQXEICjxl5iPJRwP40dpeHFqqhm7tYCvODpqpQ==}
    engines: {node: '>=10.19.0'}
    dependencies:
      quick-lru: 5.1.1
      resolve-alpn: 1.2.1
    dev: false

  /https@1.0.0:
    resolution: {integrity: sha512-4EC57ddXrkaF0x83Oj8sM6SLQHAWXw90Skqu2M4AEWENZ3F02dFJE/GARA8igO79tcgYqGrD7ae4f5L3um2lgg==}
    dev: false

  /inflection@1.13.4:
    resolution: {integrity: sha512-6I/HUDeYFfuNCVS3td055BaXBwKYuzw7K3ExVMStBowKo9oOAMJIXIHvdyR3iboTCp1b+1i5DSkIZTcwIktuDw==}
    engines: {'0': node >= 0.4.0}
    dev: false

  /inherits@2.0.4:
    resolution: {integrity: sha512-k/vGaX4/Yla3WzyMCvTQOXYeIHvqOKtnqBduzTHpzpQZzAskKMhZ2K+EnBiSM9zGSoIFeMpXKxa4dYeZIQqewQ==}
    dev: false

  /is-arrayish@0.3.2:
    resolution: {integrity: sha512-eVRqCvVlZbuw3GrM63ovNSNAeA1K16kaR/LRY/92w0zxQ5/1YzwblUX652i4Xs9RwAGjW9d9y6X88t8OaAJfWQ==}
    dev: false

  /is-fullwidth-code-point@3.0.0:
    resolution: {integrity: sha512-zymm5+u+sCsSWyD9qNaejV3DFvhCKclKdizYaJUuHA83RLjb7nSuGnddCHGv0hk+KY7BMAlsWeK4Ueg6EV6XQg==}
    engines: {node: '>=8'}
    dev: false

  /is-stream@2.0.1:
    resolution: {integrity: sha512-hFoiJiTl63nn+kstHGBtewWSKnQLpyb155KHheA1l39uvtO9nWIop1p3udqPcUd/xbF1VLMO4n7OI6p7RbngDg==}
    engines: {node: '>=8'}
    dev: false

  /json-buffer@3.0.1:
    resolution: {integrity: sha512-4bV5BfR2mqfQTJm+V5tPPdf+ZpuhiIvTuAB5g8kcrXOZpTT/QwwVRWBywX1ozr6lEuPdbHxwaJlm9G6mI2sfSQ==}
    dev: false

  /keyv@4.5.3:
    resolution: {integrity: sha512-QCiSav9WaX1PgETJ+SpNnx2PRRapJ/oRSXM4VO5OGYGSjrxbKPVFVhB3l2OCbLCk329N8qyAtsJjSjvVBWzEug==}
    dependencies:
      json-buffer: 3.0.1
    dev: false

  /kuler@2.0.0:
    resolution: {integrity: sha512-Xq9nH7KlWZmXAtodXDDRE7vs6DU1gTU8zYDHDiWLSip45Egwq3plLHzPn27NgvzL2r1LMPC1vdqh98sQxtqj4A==}
    dev: false

  /lodash@4.17.21:
    resolution: {integrity: sha512-v2kDEe57lecTulaDIuNTPy3Ry4gLGJ6Z1O3vE1krgXZNrsQ+LFTGHVxVjcXPs17LhbZVGedAJv8XZ1tvj5FvSg==}
    dev: false

  /logform@2.5.1:
    resolution: {integrity: sha512-9FyqAm9o9NKKfiAKfZoYo9bGXXuwMkxQiQttkT4YjjVtQVIQtK6LmVtlxmCaFswo6N4AfEkHqZTV0taDtPotNg==}
    dependencies:
      '@colors/colors': 1.5.0
      '@types/triple-beam': 1.3.2
      fecha: 4.2.3
      ms: 2.1.2
      safe-stable-stringify: 2.4.3
      triple-beam: 1.4.1
    dev: false

  /lowercase-keys@3.0.0:
    resolution: {integrity: sha512-ozCC6gdQ+glXOQsveKD0YsDy8DSQFjDTz4zyzEHNV5+JP5D62LmfDZ6o1cycFx9ouG940M5dE8C8CTewdj2YWQ==}
    engines: {node: ^12.20.0 || ^14.13.1 || >=16.0.0}
    dev: false

  /lru-cache@6.0.0:
    resolution: {integrity: sha512-Jo6dJ04CmSjuznwJSS3pUeWmd/H0ffTlkXXgwZi+eq1UCmqQwCh+eLsYOYCwY991i2Fah4h1BEMCx4qThGbsiA==}
    engines: {node: '>=10'}
    dependencies:
      yallist: 4.0.0
    dev: false

  /make-error@1.3.6:
    resolution: {integrity: sha512-s8UhlNe7vPKomQhC1qFelMokr/Sc3AgNbso3n74mVPA5LTZwkB9NlXf4XPamLxJE8h0gh73rM94xvwRT2CVInw==}
    dev: false

  /mimic-response@3.1.0:
    resolution: {integrity: sha512-z0yWI+4FDrrweS8Zmt4Ej5HdJmky15+L2e6Wgn3+iK5fWzb6T3fhNFq2+MeTRb064c6Wr4N/wv0DzQTjNzHNGQ==}
    engines: {node: '>=10'}
    dev: false

  /mimic-response@4.0.0:
    resolution: {integrity: sha512-e5ISH9xMYU0DzrT+jl8q2ze9D6eWBto+I8CNpe+VI+K2J/F/k3PdkdTdz4wvGVH4NTpo+NRYTVIuMQEMMcsLqg==}
    engines: {node: ^12.20.0 || ^14.13.1 || >=16.0.0}
    dev: false

  /mkdirp@1.0.4:
    resolution: {integrity: sha512-vVqVZQyf3WLx2Shd0qJ9xuvqgAyKPLAiqITEtqW0oIUjzo3PePDd6fW9iFz30ef7Ysp/oiWqbhszeGWW2T6Gzw==}
    engines: {node: '>=10'}
    hasBin: true
    dev: false

  /moment-timezone@0.5.43:
    resolution: {integrity: sha512-72j3aNyuIsDxdF1i7CEgV2FfxM1r6aaqJyLB2vwb33mXYyoyLly+F1zbWqhA3/bVIoJ4szlUoMbUnVdid32NUQ==}
    dependencies:
      moment: 2.29.4
    dev: false

  /moment@2.29.4:
    resolution: {integrity: sha512-5LC9SOxjSc2HF6vO2CyuTDNivEdoz2IvyJJGj6X8DJ0eFyfszE0QiEd+iXmBvUP3WHxSjFH/vIsA0EN00cgr8w==}
    dev: false

  /ms@2.1.2:
    resolution: {integrity: sha512-sGkPx+VjMtmA6MX27oA4FBFELFCZZ4S4XqeGOXCv68tT+jb3vk/RyaKWP0PTKyWtmLSM0b+adUTEvbs1PEaH2w==}
    dev: false

  /node-cron@3.0.2:
    resolution: {integrity: sha512-iP8l0yGlNpE0e6q1o185yOApANRe47UPbLf4YxfbiNHt/RU5eBcGB/e0oudruheSf+LQeDMezqC5BVAb5wwRcQ==}
    engines: {node: '>=6.0.0'}
    dependencies:
      uuid: 8.3.2
    dev: false

  /node-html-parser@6.1.5:
    resolution: {integrity: sha512-fAaM511feX++/Chnhe475a0NHD8M7AxDInsqQpz6x63GRF7xYNdS8Vo5dKsIVPgsOvG7eioRRTZQnWBrhDHBSg==}
    dependencies:
      css-select: 5.1.0
      he: 1.2.0
    dev: false

  /normalize-url@8.0.0:
    resolution: {integrity: sha512-uVFpKhj5MheNBJRTiMZ9pE/7hD1QTeEvugSJW/OmLzAp78PB5O6adfMNTvmfKhXBkvCzC+rqifWcVYpGFwTjnw==}
    engines: {node: '>=14.16'}
    dev: false

  /nth-check@2.1.1:
    resolution: {integrity: sha512-lqjrjmaOoAnWfMmBPL+XNnynZh2+swxiX3WUE0s4yEHI6m+AwrK2UZOimIRl3X/4QctVqS8AiZjFqyOGrMXb/w==}
    dependencies:
      boolbase: 1.0.0
    dev: false

  /object-hash@2.2.0:
    resolution: {integrity: sha512-gScRMn0bS5fH+IuwyIFgnh9zBdo4DV+6GhygmWM9HyNJSgS0hScp1f5vjtm7oIIOiT9trXrShAkLFSc2IqKNgw==}
    engines: {node: '>= 6'}
    dev: false

  /object-inspect@1.12.3:
    resolution: {integrity: sha512-geUvdk7c+eizMNUDkRpW1wJwgfOiOeHbxBR/hLXK1aT6zmVSO0jsQcs7fj6MGw89jC/cjGfLcNOrtMYtGqm81g==}
    dev: false

  /obuf@1.1.2:
    resolution: {integrity: sha512-PX1wu0AmAdPqOL1mWhqmlOd8kOIZQwGZw6rh7uby9fTc5lhaOWFLX3I6R1hrF9k3zUY40e6igsLGkDXK92LJNg==}
    dev: false

  /one-time@1.0.0:
    resolution: {integrity: sha512-5DXOiRKwuSEcQ/l0kGCF6Q3jcADFv5tSmRaJck/OqkVFcOzutB134KRSfF0xDrL39MNnqxbHBbUUcjZIhTgb2g==}
    dependencies:
      fn.name: 1.1.0
    dev: false

  /p-cancelable@3.0.0:
    resolution: {integrity: sha512-mlVgR3PGuzlo0MmTdk4cXqXWlwQDLnONTAg6sm62XkMJEiRxN3GL3SffkYvqwonbkJBcrI7Uvv5Zh9yjvn2iUw==}
    engines: {node: '>=12.20'}
    dev: false

  /packet-reader@1.0.0:
    resolution: {integrity: sha512-HAKu/fG3HpHFO0AA8WE8q2g+gBJaZ9MG7fcKk+IJPLTGAD6Psw4443l+9DGRbOIh3/aXr7Phy0TjilYivJo5XQ==}
    dev: false

  /parse5-htmlparser2-tree-adapter@7.0.0:
    resolution: {integrity: sha512-B77tOZrqqfUfnVcOrUvfdLbz4pu4RopLD/4vmu3HUPswwTA8OH0EMW9BlWR2B0RCoiZRAHEUu7IxeP1Pd1UU+g==}
    dependencies:
      domhandler: 5.0.3
      parse5: 7.1.2
    dev: false

  /parse5@7.1.2:
    resolution: {integrity: sha512-Czj1WaSVpaoj0wbhMzLmWD69anp2WH7FXMB9n1Sy8/ZFF9jolSQVMu1Ij5WIyGmcBmhk7EOndpO4mIpihVqAXw==}
    dependencies:
      entities: 4.5.0
    dev: false

  /pg-cloudflare@1.1.1:
    resolution: {integrity: sha512-xWPagP/4B6BgFO+EKz3JONXv3YDgvkbVrGw2mTo3D6tVDQRh1e7cqVGvyR3BE+eQgAvx1XhW/iEASj4/jCWl3Q==}
    requiresBuild: true
    dev: false
    optional: true

  /pg-connection-string@2.6.2:
    resolution: {integrity: sha512-ch6OwaeaPYcova4kKZ15sbJ2hKb/VP48ZD2gE7i1J+L4MspCtBMAx8nMgz7bksc7IojCIIWuEhHibSMFH8m8oA==}
    dev: false

  /pg-hstore@2.3.4:
    resolution: {integrity: sha512-N3SGs/Rf+xA1M2/n0JBiXFDVMzdekwLZLAO0g7mpDY9ouX+fDI7jS6kTq3JujmYbtNSJ53TJ0q4G98KVZSM4EA==}
    engines: {node: '>= 0.8.x'}
    dependencies:
      underscore: 1.13.6
    dev: false

  /pg-int8@1.0.1:
    resolution: {integrity: sha512-WCtabS6t3c8SkpDBUlb1kjOs7l66xsGdKpIPZsg4wR+B3+u9UAum2odSsF9tnvxg80h4ZxLWMy4pRjOsFIqQpw==}
    engines: {node: '>=4.0.0'}
    dev: false

  /pg-numeric@1.0.2:
    resolution: {integrity: sha512-BM/Thnrw5jm2kKLE5uJkXqqExRUY/toLHda65XgFTBTFYZyopbKjBe29Ii3RbkvlsMoFwD+tHeGaCjjv0gHlyw==}
    engines: {node: '>=4'}
    dev: false

  /pg-pool@3.6.1(pg@8.11.2):
    resolution: {integrity: sha512-jizsIzhkIitxCGfPRzJn1ZdcosIt3pz9Sh3V01fm1vZnbnCMgmGl5wvGGdNN2EL9Rmb0EcFoCkixH4Pu+sP9Og==}
    peerDependencies:
      pg: '>=8.0'
    dependencies:
      pg: 8.11.2
    dev: false

  /pg-protocol@1.6.0:
    resolution: {integrity: sha512-M+PDm637OY5WM307051+bsDia5Xej6d9IR4GwJse1qA1DIhiKlksvrneZOYQq42OM+spubpcNYEo2FcKQrDk+Q==}
    dev: false

  /pg-types@2.2.0:
    resolution: {integrity: sha512-qTAAlrEsl8s4OiEQY69wDvcMIdQN6wdz5ojQiOy6YRMuynxenON0O5oCpJI6lshc6scgAY8qvJ2On/p+CXY0GA==}
    engines: {node: '>=4'}
    dependencies:
      pg-int8: 1.0.1
      postgres-array: 2.0.0
      postgres-bytea: 1.0.0
      postgres-date: 1.0.7
      postgres-interval: 1.2.0
    dev: false

  /pg-types@4.0.1:
    resolution: {integrity: sha512-hRCSDuLII9/LE3smys1hRHcu5QGcLs9ggT7I/TCs0IE+2Eesxi9+9RWAAwZ0yaGjxoWICF/YHLOEjydGujoJ+g==}
    engines: {node: '>=10'}
    dependencies:
      pg-int8: 1.0.1
      pg-numeric: 1.0.2
      postgres-array: 3.0.2
      postgres-bytea: 3.0.0
      postgres-date: 2.0.1
      postgres-interval: 3.0.0
      postgres-range: 1.1.3
    dev: false

  /pg@8.11.2:
    resolution: {integrity: sha512-l4rmVeV8qTIrrPrIR3kZQqBgSN93331s9i6wiUiLOSk0Q7PmUxZD/m1rQI622l3NfqBby9Ar5PABfS/SulfieQ==}
    engines: {node: '>= 8.0.0'}
    peerDependencies:
      pg-native: '>=3.0.1'
    peerDependenciesMeta:
      pg-native:
        optional: true
    dependencies:
      buffer-writer: 2.0.0
      packet-reader: 1.0.0
      pg-connection-string: 2.6.2
      pg-pool: 3.6.1(pg@8.11.2)
      pg-protocol: 1.6.0
      pg-types: 2.2.0
      pgpass: 1.0.5
    optionalDependencies:
      pg-cloudflare: 1.1.1
    dev: false

  /pgpass@1.0.5:
    resolution: {integrity: sha512-FdW9r/jQZhSeohs1Z3sI1yxFQNFvMcnmfuj4WBMUTxOrAyLMaTcE1aAMBiTlbMNaXvBCQuVi0R7hd8udDSP7ug==}
    dependencies:
      split2: 4.2.0
    dev: false

  /postgres-array@2.0.0:
    resolution: {integrity: sha512-VpZrUqU5A69eQyW2c5CA1jtLecCsN2U/bD6VilrFDWq5+5UIEVO7nazS3TEcHf1zuPYO/sqGvUvW62g86RXZuA==}
    engines: {node: '>=4'}
    dev: false

  /postgres-array@3.0.2:
    resolution: {integrity: sha512-6faShkdFugNQCLwucjPcY5ARoW1SlbnrZjmGl0IrrqewpvxvhSLHimCVzqeuULCbG0fQv7Dtk1yDbG3xv7Veog==}
    engines: {node: '>=12'}
    dev: false

  /postgres-bytea@1.0.0:
    resolution: {integrity: sha512-xy3pmLuQqRBZBXDULy7KbaitYqLcmxigw14Q5sj8QBVLqEwXfeybIKVWiqAXTlcvdvb0+xkOtDbfQMOf4lST1w==}
    engines: {node: '>=0.10.0'}
    dev: false

  /postgres-bytea@3.0.0:
    resolution: {integrity: sha512-CNd4jim9RFPkObHSjVHlVrxoVQXz7quwNFpz7RY1okNNme49+sVyiTvTRobiLV548Hx/hb1BG+iE7h9493WzFw==}
    engines: {node: '>= 6'}
    dependencies:
      obuf: 1.1.2
    dev: false

  /postgres-date@1.0.7:
    resolution: {integrity: sha512-suDmjLVQg78nMK2UZ454hAG+OAW+HQPZ6n++TNDUX+L0+uUlLywnoxJKDou51Zm+zTCjrCl0Nq6J9C5hP9vK/Q==}
    engines: {node: '>=0.10.0'}
    dev: false

  /postgres-date@2.0.1:
    resolution: {integrity: sha512-YtMKdsDt5Ojv1wQRvUhnyDJNSr2dGIC96mQVKz7xufp07nfuFONzdaowrMHjlAzY6GDLd4f+LUHHAAM1h4MdUw==}
    engines: {node: '>=12'}
    dev: false

  /postgres-interval@1.2.0:
    resolution: {integrity: sha512-9ZhXKM/rw350N1ovuWHbGxnGh/SNJ4cnxHiM0rxE4VN41wsg8P8zWn9hv/buK00RP4WvlOyr/RBDiptyxVbkZQ==}
    engines: {node: '>=0.10.0'}
    dependencies:
      xtend: 4.0.2
    dev: false

  /postgres-interval@3.0.0:
    resolution: {integrity: sha512-BSNDnbyZCXSxgA+1f5UU2GmwhoI0aU5yMxRGO8CdFEcY2BQF9xm/7MqKnYoM1nJDk8nONNWDk9WeSmePFhQdlw==}
    engines: {node: '>=12'}
    dev: false

  /postgres-range@1.1.3:
    resolution: {integrity: sha512-VdlZoocy5lCP0c/t66xAfclglEapXPCIVhqqJRncYpvbCgImF0w67aPKfbqUMr72tO2k5q0TdTZwCLjPTI6C9g==}
    dev: false

  /prisma@5.1.1:
    resolution: {integrity: sha512-WJFG/U7sMmcc6TjJTTifTfpI6Wjoh55xl4AzopVwAdyK68L9/ogNo8QQ2cxuUjJf/Wa82z/uhyh3wMzvRIBphg==}
    engines: {node: '>=16.13'}
    hasBin: true
    requiresBuild: true
    dependencies:
      '@prisma/engines': 5.1.1
    dev: false

  /punycode@1.4.1:
    resolution: {integrity: sha512-jmYNElW7yvO7TV33CjSmvSiE2yco3bV2czu/OzDKdMNVZQWfxCblURLhf+47syQRBntjfLdd/H0egrzIG+oaFQ==}
    dev: false

  /qs@6.11.2:
    resolution: {integrity: sha512-tDNIz22aBzCDxLtVH++VnTfzxlfeK5CbqohpSqpJgj1Wg/cQbStNAz3NuqCs5vV+pjBsK4x4pN9HlVh7rcYRiA==}
    engines: {node: '>=0.6'}
    dependencies:
      side-channel: 1.0.4
    dev: false

  /quick-lru@5.1.1:
    resolution: {integrity: sha512-WuyALRjWPDGtt/wzJiadO5AXY+8hZ80hVpe6MyivgraREW751X3SbhRvG3eLKOYN+8VEvqLcf3wdnt44Z4S4SA==}
    engines: {node: '>=10'}
    dev: false

  /readable-stream@3.6.2:
    resolution: {integrity: sha512-9u/sniCrY3D5WdsERHzHE4G2YCXqoG5FTHUiCC4SIbr6XcLZBY05ya9EKjYek9O5xOAwjGq+1JdGBAS7Q9ScoA==}
    engines: {node: '>= 6'}
    dependencies:
      inherits: 2.0.4
      string_decoder: 1.3.0
      util-deprecate: 1.0.2
    dev: false

  /require-directory@2.1.1:
    resolution: {integrity: sha512-fGxEI7+wsG9xrvdjsrlmL22OMTTiHRwAMroiEeMgq8gzoLC/PQr7RsRDSTLUg/bZAZtF+TVIkHc6/4RIKrui+Q==}
    engines: {node: '>=0.10.0'}
    dev: false

  /reserved-words@0.1.2:
    resolution: {integrity: sha512-0S5SrIUJ9LfpbVl4Yzij6VipUdafHrOTzvmfazSw/jeZrZtQK303OPZW+obtkaw7jQlTQppy0UvZWm9872PbRw==}
    dev: false

  /resolve-alpn@1.2.1:
    resolution: {integrity: sha512-0a1F4l73/ZFZOakJnQ3FvkJ2+gSTQWz/r2KE5OdDY0TxPm5h4GkqkWWfM47T7HsbnOtcJVEF4epCVy6u7Q3K+g==}
    dev: false

  /responselike@3.0.0:
    resolution: {integrity: sha512-40yHxbNcl2+rzXvZuVkrYohathsSJlMTXKryG5y8uciHv1+xDLHQpgjG64JUO9nrEq2jGLH6IZ8BcZyw3wrweg==}
    engines: {node: '>=14.16'}
    dependencies:
      lowercase-keys: 3.0.0
    dev: false

  /retry-as-promised@7.0.4:
    resolution: {integrity: sha512-XgmCoxKWkDofwH8WddD0w85ZfqYz+ZHlr5yo+3YUCfycWawU56T5ckWXsScsj5B8tqUcIG67DxXByo3VUgiAdA==}
    dev: false

  /safe-buffer@5.2.1:
    resolution: {integrity: sha512-rp3So07KcdmmKbGvgaNxQSJr7bGVSVk5S9Eq1F+ppbRo70+YeaDxkw5Dd8NPN+GD6bjnYm2VuPuCXmpuYvmCXQ==}
    dev: false

  /safe-stable-stringify@2.4.3:
    resolution: {integrity: sha512-e2bDA2WJT0wxseVd4lsDP4+3ONX6HpMXQa1ZhFQ7SU+GjvORCmShbCMltrtIDfkYhVHrOcPtj+KhmDBdPdZD1g==}
    engines: {node: '>=10'}
    dev: false

  /semver@7.5.4:
    resolution: {integrity: sha512-1bCSESV6Pv+i21Hvpxp3Dx+pSD8lIPt8uVjRrxAUt/nbswYc+tK6Y2btiULjd4+fnq15PX+nqQDC7Oft7WkwcA==}
    engines: {node: '>=10'}
    hasBin: true
    dependencies:
      lru-cache: 6.0.0
    dev: false

  /sequelize-auto@0.8.8(sequelize@6.32.1):
    resolution: {integrity: sha512-9o0qi2yMA86oFqcA5Nh14PnQSHP0E9WPEB4hP/NgxqdFE44Nq2u8Di5O3xmvWwXMIV6W+Q0YI/2VTLvlMJAjnQ==}
    engines: {node: '>= 10'}
    hasBin: true
    peerDependencies:
      sequelize: '>3.30.0'
    dependencies:
      lodash: 4.17.21
      mkdirp: 1.0.4
      reserved-words: 0.1.2
      sequelize: 6.32.1(pg-hstore@2.3.4)(pg@8.11.2)
      yargs: 16.2.0
    dev: false

  /sequelize-pool@7.1.0:
    resolution: {integrity: sha512-G9c0qlIWQSK29pR/5U2JF5dDQeqqHRragoyahj/Nx4KOOQ3CPPfzxnfqFPCSB7x5UgjOgnZ61nSxz+fjDpRlJg==}
    engines: {node: '>= 10.0.0'}
    dev: false

  /sequelize@6.32.1(pg-hstore@2.3.4)(pg@8.11.2):
    resolution: {integrity: sha512-3Iv0jruv57Y0YvcxQW7BE56O7DC1BojcfIrqh6my+IQwde+9u/YnuYHzK+8kmZLhLvaziRT1eWu38nh9yVwn/g==}
    engines: {node: '>=10.0.0'}
    peerDependencies:
      ibm_db: '*'
      mariadb: '*'
      mysql2: '*'
      oracledb: '*'
      pg: '*'
      pg-hstore: '*'
      snowflake-sdk: '*'
      sqlite3: '*'
      tedious: '*'
    peerDependenciesMeta:
      ibm_db:
        optional: true
      mariadb:
        optional: true
      mysql2:
        optional: true
      oracledb:
        optional: true
      pg:
        optional: true
      pg-hstore:
        optional: true
      snowflake-sdk:
        optional: true
      sqlite3:
        optional: true
      tedious:
        optional: true
    dependencies:
      '@types/debug': 4.1.8
      '@types/validator': 13.11.1
      debug: 4.3.4
      dottie: 2.0.6
      inflection: 1.13.4
      lodash: 4.17.21
      moment: 2.29.4
      moment-timezone: 0.5.43
      pg: 8.11.2
      pg-connection-string: 2.6.2
      pg-hstore: 2.3.4
      retry-as-promised: 7.0.4
      semver: 7.5.4
      sequelize-pool: 7.1.0
      toposort-class: 1.0.1
      uuid: 8.3.2
      validator: 13.11.0
      wkx: 0.5.0
    transitivePeerDependencies:
      - supports-color
    dev: false

  /side-channel@1.0.4:
    resolution: {integrity: sha512-q5XPytqFEIKHkGdiMIrY10mvLRvnQh42/+GoBlFW3b2LXLE2xxJpZFdm94we0BaoV3RwJyGqg5wS7epxTv0Zvw==}
    dependencies:
      call-bind: 1.0.2
      get-intrinsic: 1.2.1
      object-inspect: 1.12.3
    dev: false

  /simple-swizzle@0.2.2:
    resolution: {integrity: sha512-JA//kQgZtbuY83m+xT+tXJkmJncGMTFT+C+g2h2R9uxkYIrE2yy9sgmcLhCnw57/WSD+Eh3J97FPEDFnbXnDUg==}
    dependencies:
      is-arrayish: 0.3.2
    dev: false

  /simple-wcswidth@1.0.1:
    resolution: {integrity: sha512-xMO/8eNREtaROt7tJvWJqHBDTMFN4eiQ5I4JRMuilwfnFcV5W9u7RUkueNkdw0jPqGMX36iCywelS5yilTuOxg==}
    dev: false

  /split2@4.2.0:
    resolution: {integrity: sha512-UcjcJOWknrNkF6PLX83qcHM6KHgVKNkV62Y8a5uYDVv9ydGQVwAHMKqHdJje1VTWpljG0WYpCDhrCdAOYH4TWg==}
    engines: {node: '>= 10.x'}
    dev: false

  /stack-trace@0.0.10:
    resolution: {integrity: sha512-KGzahc7puUKkzyMt+IqAep+TVNbKP+k2Lmwhub39m1AsTSkaDutx56aDCo+HLDzf/D26BIHTJWNiTG1KAJiQCg==}
    dev: false

  /string-width@4.2.3:
    resolution: {integrity: sha512-wKyQRQpjJ0sIp62ErSZdGsjMJWsap5oRNihHhu6G7JVO/9jIB6UyevL+tXuOqrng8j/cxKTWyWUwvSTriiZz/g==}
    engines: {node: '>=8'}
    dependencies:
      emoji-regex: 8.0.0
      is-fullwidth-code-point: 3.0.0
      strip-ansi: 6.0.1
    dev: false

  /string_decoder@1.3.0:
    resolution: {integrity: sha512-hkRX8U1WjJFd8LsDJ2yQ/wWWxaopEsABU1XfkM8A+j0+85JAGppt16cr1Whg6KIbb4okU6Mql6BOj+uup/wKeA==}
    dependencies:
      safe-buffer: 5.2.1
    dev: false

  /strip-ansi@6.0.1:
    resolution: {integrity: sha512-Y38VPSHcqkFrCpFnQ9vuSXmquuv5oXOKpGeT6aGrr3o3Gc9AlVa6JBfUSOCnbxGGZF+/0ooI7KrPuUSztUdU5A==}
    engines: {node: '>=8'}
    dependencies:
      ansi-regex: 5.0.1
    dev: false

  /text-hex@1.0.0:
    resolution: {integrity: sha512-uuVGNWzgJ4yhRaNSiubPY7OjISw4sw4E5Uv0wbjp+OzcbmVU/rsT8ujgcXJhn9ypzsgr5vlzpPqP+MBBKcGvbg==}
    dev: false

  /toposort-class@1.0.1:
    resolution: {integrity: sha512-OsLcGGbYF3rMjPUf8oKktyvCiUxSbqMMS39m33MAjLTC1DVIH6x3WSt63/M77ihI09+Sdfk1AXvfhCEeUmC7mg==}
    dev: false

  /triple-beam@1.4.1:
    resolution: {integrity: sha512-aZbgViZrg1QNcG+LULa7nhZpJTZSLm/mXnHXnbAbjmN5aSa0y7V+wvv6+4WaBtpISJzThKy+PIPxc1Nq1EJ9mg==}
    engines: {node: '>= 14.0.0'}
    dev: false

  /ts-node@10.9.1(@types/node@20.5.0)(typescript@5.2.2):
    resolution: {integrity: sha512-NtVysVPkxxrwFGUUxGYhfux8k78pQB3JqYBXlLRZgdGUqTO5wU/UyHop5p70iEbGhB7q5KmiZiU0Y3KlJrScEw==}
    hasBin: true
    peerDependencies:
      '@swc/core': '>=1.2.50'
      '@swc/wasm': '>=1.2.50'
      '@types/node': '*'
      typescript: '>=2.7'
    peerDependenciesMeta:
      '@swc/core':
        optional: true
      '@swc/wasm':
        optional: true
    dependencies:
      '@cspotcode/source-map-support': 0.8.1
      '@tsconfig/node10': 1.0.9
      '@tsconfig/node12': 1.0.11
      '@tsconfig/node14': 1.0.3
      '@tsconfig/node16': 1.0.4
      '@types/node': 20.5.0
      acorn: 8.10.0
      acorn-walk: 8.2.0
      arg: 4.1.3
      create-require: 1.1.1
      diff: 4.0.2
      make-error: 1.3.6
      typescript: 5.2.2
      v8-compile-cache-lib: 3.0.1
      yn: 3.1.1
    dev: false

  /typescript@5.2.2:
    resolution: {integrity: sha512-mI4WrpHsbCIcwT9cF4FZvr80QUeKvsUsUvKDoR+X/7XHQH98xYD8YHZg7ANtz2GtZt/CBq2QJ0thkGJMHfqc1w==}
    engines: {node: '>=14.17'}
    hasBin: true
    dev: false

  /underscore@1.13.6:
    resolution: {integrity: sha512-+A5Sja4HP1M08MaXya7p5LvjuM7K6q/2EaC0+iovj/wOcMsTzMvDFbasi/oSapiwOlt252IqsKqPjCl7huKS0A==}
    dev: false

  /url@0.11.1:
    resolution: {integrity: sha512-rWS3H04/+mzzJkv0eZ7vEDGiQbgquI1fGfOad6zKvgYQi1SzMmhl7c/DdRGxhaWrVH6z0qWITo8rpnxK/RfEhA==}
    dependencies:
      punycode: 1.4.1
      qs: 6.11.2
    dev: false

  /util-deprecate@1.0.2:
    resolution: {integrity: sha512-EPD5q1uXyFxJpCrLnCc1nHnq3gOa6DZBocAIiI2TaSCA7VCJ1UJDMagCzIkXNsUYfD1daK//LTEQ8xiIbrHtcw==}
    dev: false

  /uuid@8.3.2:
    resolution: {integrity: sha512-+NYs2QeMWy+GWFOEm9xnn6HCDp0l7QBD7ml8zLUmJ+93Q5NF0NocErnwkTkXVFNiX3/fpC6afS8Dhb/gz7R7eg==}
    hasBin: true
    dev: false

  /v8-compile-cache-lib@3.0.1:
    resolution: {integrity: sha512-wa7YjyUGfNZngI/vtK0UHAN+lgDCxBPCylVXGp0zu59Fz5aiGtNXaq3DhIov063MorB+VfufLh3JlF2KdTK3xg==}
    dev: false

  /validator@13.11.0:
    resolution: {integrity: sha512-Ii+sehpSfZy+At5nPdnyMhx78fEoPDkR2XW/zimHEL3MyGJQOCQ7WeP20jPYRz7ZCpcKLB21NxuXHF3bxjStBQ==}
    engines: {node: '>= 0.10'}
    dev: false

  /winston-daily-rotate-file@4.7.1(winston@3.10.0):
    resolution: {integrity: sha512-7LGPiYGBPNyGHLn9z33i96zx/bd71pjBn9tqQzO3I4Tayv94WPmBNwKC7CO1wPHdP9uvu+Md/1nr6VSH9h0iaA==}
    engines: {node: '>=8'}
    peerDependencies:
      winston: ^3
    dependencies:
      file-stream-rotator: 0.6.1
      object-hash: 2.2.0
      triple-beam: 1.4.1
      winston: 3.10.0
      winston-transport: 4.5.0
    dev: false

  /winston-transport@4.5.0:
    resolution: {integrity: sha512-YpZzcUzBedhlTAfJg6vJDlyEai/IFMIVcaEZZyl3UXIl4gmqRpU7AE89AHLkbzLUsv0NVmw7ts+iztqKxxPW1Q==}
    engines: {node: '>= 6.4.0'}
    dependencies:
      logform: 2.5.1
      readable-stream: 3.6.2
      triple-beam: 1.4.1
    dev: false

  /winston@3.10.0:
    resolution: {integrity: sha512-nT6SIDaE9B7ZRO0u3UvdrimG0HkB7dSTAgInQnNR2SOPJ4bvq5q79+pXLftKmP52lJGW15+H5MCK0nM9D3KB/g==}
    engines: {node: '>= 12.0.0'}
    dependencies:
      '@colors/colors': 1.5.0
      '@dabh/diagnostics': 2.0.3
      async: 3.2.4
      is-stream: 2.0.1
      logform: 2.5.1
      one-time: 1.0.0
      readable-stream: 3.6.2
      safe-stable-stringify: 2.4.3
      stack-trace: 0.0.10
      triple-beam: 1.4.1
      winston-transport: 4.5.0
    dev: false

  /wkx@0.5.0:
    resolution: {integrity: sha512-Xng/d4Ichh8uN4l0FToV/258EjMGU9MGcA0HV2d9B/ZpZB3lqQm7nkOdZdm5GhKtLLhAE7PiVQwN4eN+2YJJUg==}
    dependencies:
      '@types/node': 20.5.0
    dev: false

  /wrap-ansi@7.0.0:
    resolution: {integrity: sha512-YVGIj2kamLSTxw6NsZjoBxfSwsn0ycdesmc4p+Q21c5zPuZ1pl+NfxVdxPtdHvmNVOQ6XSYG4AUtyt/Fi7D16Q==}
    engines: {node: '>=10'}
    dependencies:
      ansi-styles: 4.3.0
      string-width: 4.2.3
      strip-ansi: 6.0.1
    dev: false

  /xtend@4.0.2:
    resolution: {integrity: sha512-LKYU1iAXJXUgAXn9URjiu+MWhyUXHsvfp7mcuYm9dSUKK0/CjtrUwFAxD82/mCWbtLsGjFIad0wIsod4zrTAEQ==}
    engines: {node: '>=0.4'}
    dev: false

  /y18n@5.0.8:
    resolution: {integrity: sha512-0pfFzegeDWJHJIAmTLRP2DwHjdF5s7jo9tuztdQxAhINCdvS+3nGINqPd00AphqJR/0LhANUS6/+7SCb98YOfA==}
    engines: {node: '>=10'}
    dev: false

  /yallist@4.0.0:
    resolution: {integrity: sha512-3wdGidZyq5PB084XLES5TpOSRA3wjXAlIWMhum2kRcv/41Sn2emQ0dycQW4uZXLejwKvg6EsvbdlVL+FYEct7A==}
    dev: false

  /yargs-parser@20.2.9:
    resolution: {integrity: sha512-y11nGElTIV+CT3Zv9t7VKl+Q3hTQoT9a1Qzezhhl6Rp21gJ/IVTW7Z3y9EWXhuUBC2Shnf+DX0antecpAwSP8w==}
    engines: {node: '>=10'}
    dev: false

  /yargs@16.2.0:
    resolution: {integrity: sha512-D1mvvtDG0L5ft/jGWkLpG1+m0eQxOfaBvTNELraWj22wSVUMWxZUvYgJYcKh6jGGIkJFhH4IZPQhR4TKpc8mBw==}
    engines: {node: '>=10'}
    dependencies:
      cliui: 7.0.4
      escalade: 3.1.1
      get-caller-file: 2.0.5
      require-directory: 2.1.1
      string-width: 4.2.3
      y18n: 5.0.8
      yargs-parser: 20.2.9
    dev: false

  /yn@3.1.1:
    resolution: {integrity: sha512-Ux4ygGWsu2c7isFWe8Yu1YluJmqVhxqK2cLXNQA5AcC3QfbGNpM7fu0Y8b/z16pXLnFxZYvWhd3fhBY9DLmC6Q==}
    engines: {node: '>=6'}
    dev: false
